
Microsoft Visual Studio Solution File, Format Version 12.00
# Visual Studio Version 17
VisualStudioVersion = 17.2.32630.192
MinimumVisualStudioVersion = 10.0.40219.1
Project("{2150E333-8FDC-42A3-9474-1A3956D46DE8}") = "1 - Application", "1 - Application", "{34EC3E6B-6A41-49AB-9247-346710B9F270}"
EndProject
Project("{2150E333-8FDC-42A3-9474-1A3956D46DE8}") = "2 - Domain", "2 - Domain", "{AC062C15-B519-43FC-BCAA-768990388F08}"
EndProject
Project("{2150E333-8FDC-42A3-9474-1A3956D46DE8}") = "3 - Infra", "3 - Infra", "{8CB38E5D-A642-46CB-8B9C-BF2BA15C6D7A}"
EndProject
Project("{2150E333-8FDC-42A3-9474-1A3956D46DE8}") = "4 - Entities", "4 - Entities", "{634962B7-E0DE-4345-9676-6C029D9C1546}"
EndProject
Project("{9A19103F-16F7-4668-BE54-9A1E7A4F7556}") = "Infra", "Infra\Infra.csproj", "{33B03373-19C7-4EAB-A603-1F073236275A}"
EndProject
Project("{9A19103F-16F7-4668-BE54-9A1E7A4F7556}") = "Domain", "Domain\Domain.csproj", "{24F0E510-6B9E-4617-8174-FC240864404D}"
EndProject
Project("{9A19103F-16F7-4668-BE54-9A1E7A4F7556}") = "RestorantiAPI", "RestorantiAPI\RestorantiAPI.csproj", "{45F51834-C14B-4517-B7C2-2B56C00448DE}"
EndProject
Project("{9A19103F-16F7-4668-BE54-9A1E7A4F7556}") = "Entities", "Entities\Entities.csproj", "{8DE825D7-40C6-4132-82B4-05F8953231AA}"
EndProject
Project("{54435603-DBB4-11D2-8724-00A0C9A8B90C}") = "InstallerRestorantiAPI", "InstallerRestorantiAPI\InstallerRestorantiAPI.vdproj", "{FDDE30A9-5F93-47E8-AA3E-589FE5E018A1}"
EndProject
Global
	GlobalSection(SolutionConfigurationPlatforms) = preSolution
		Debug|Any CPU = Debug|Any CPU
		Release|Any CPU = Release|Any CPU
	EndGlobalSection
	GlobalSection(ProjectConfigurationPlatforms) = postSolution
		{33B03373-19C7-4EAB-A603-1F073236275A}.Debug|Any CPU.ActiveCfg = Debug|Any CPU
		{33B03373-19C7-4EAB-A603-1F073236275A}.Debug|Any CPU.Build.0 = Debug|Any CPU
		{33B03373-19C7-4EAB-A603-1F073236275A}.Release|Any CPU.ActiveCfg = Release|Any CPU
		{33B03373-19C7-4EAB-A603-1F073236275A}.Release|Any CPU.Build.0 = Release|Any CPU
		{24F0E510-6B9E-4617-8174-FC240864404D}.Debug|Any CPU.ActiveCfg = Debug|Any CPU
		{24F0E510-6B9E-4617-8174-FC240864404D}.Debug|Any CPU.Build.0 = Debug|Any CPU
		{24F0E510-6B9E-4617-8174-FC240864404D}.Release|Any CPU.ActiveCfg = Release|Any CPU
		{24F0E510-6B9E-4617-8174-FC240864404D}.Release|Any CPU.Build.0 = Release|Any CPU
		{45F51834-C14B-4517-B7C2-2B56C00448DE}.Debug|Any CPU.ActiveCfg = Debug|Any CPU
		{45F51834-C14B-4517-B7C2-2B56C00448DE}.Debug|Any CPU.Build.0 = Debug|Any CPU
		{45F51834-C14B-4517-B7C2-2B56C00448DE}.Release|Any CPU.ActiveCfg = Release|Any CPU
		{45F51834-C14B-4517-B7C2-2B56C00448DE}.Release|Any CPU.Build.0 = Release|Any CPU
		{8DE825D7-40C6-4132-82B4-05F8953231AA}.Debug|Any CPU.ActiveCfg = Debug|Any CPU
		{8DE825D7-40C6-4132-82B4-05F8953231AA}.Debug|Any CPU.Build.0 = Debug|Any CPU
		{8DE825D7-40C6-4132-82B4-05F8953231AA}.Release|Any CPU.ActiveCfg = Release|Any CPU
		{8DE825D7-40C6-4132-82B4-05F8953231AA}.Release|Any CPU.Build.0 = Release|Any CPU
		{FDDE30A9-5F93-47E8-AA3E-589FE5E018A1}.Debug|Any CPU.ActiveCfg = Debug
		{FDDE30A9-5F93-47E8-AA3E-589FE5E018A1}.Release|Any CPU.ActiveCfg = Release
	EndGlobalSection
	GlobalSection(SolutionProperties) = preSolution
		HideSolutionNode = FALSE
	EndGlobalSection
	GlobalSection(NestedProjects) = preSolution
		{33B03373-19C7-4EAB-A603-1F073236275A} = {8CB38E5D-A642-46CB-8B9C-BF2BA15C6D7A}
		{24F0E510-6B9E-4617-8174-FC240864404D} = {AC062C15-B519-43FC-BCAA-768990388F08}
		{45F51834-C14B-4517-B7C2-2B56C00448DE} = {34EC3E6B-6A41-49AB-9247-346710B9F270}
		{8DE825D7-40C6-4132-82B4-05F8953231AA} = {634962B7-E0DE-4345-9676-6C029D9C1546}
	EndGlobalSection
	GlobalSection(ExtensibilityGlobals) = postSolution
		SolutionGuid = {86BB307A-D73D-48D9-827C-4EE7090E3193}
	EndGlobalSection
EndGlobal
